
Microsoft Visual Studio Solution File, Format Version 12.00
# Visual Studio 15
VisualStudioVersion = 15.0.28307.539
MinimumVisualStudioVersion = 10.0.40219.1
Project("{FAE04EC0-301F-11D3-BF4B-00C04F79EFBC}") = "operatorOverloadExample", "operatorOverloadExample.csproj", "{30F41EEB-2AB0-42BF-9621-94FDF5B48241}"
EndProject
Global
	GlobalSection(SolutionConfigurationPlatforms) = preSolution
		Debug|Any CPU = Debug|Any CPU
		Release|Any CPU = Release|Any CPU
	EndGlobalSection
	GlobalSection(ProjectConfigurationPlatforms) = postSolution
		{30F41EEB-2AB0-42BF-9621-94FDF5B48241}.Debug|Any CPU.ActiveCfg = Debug|Any CPU
		{30F41EEB-2AB0-42BF-9621-94FDF5B48241}.Debug|Any CPU.Build.0 = Debug|Any CPU
		{30F41EEB-2AB0-42BF-9621-94FDF5B48241}.Release|Any CPU.ActiveCfg = Release|Any CPU
		{30F41EEB-2AB0-42BF-9621-94FDF5B48241}.Release|Any CPU.Build.0 = Release|Any CPU
	EndGlobalSection
	GlobalSection(SolutionProperties) = preSolution
		HideSolutionNode = FALSE
	EndGlobalSection
	GlobalSection(ExtensibilityGlobals) = postSolution
		SolutionGuid = {D4DCD78A-5735-461E-8C97-0E8C0091C62F}
	EndGlobalSection
EndGlobal
