
Microsoft Visual Studio Solution File, Format Version 12.00
# Visual Studio 15
VisualStudioVersion = 15.0.28307.539
MinimumVisualStudioVersion = 10.0.40219.1
Project("{FAE04EC0-301F-11D3-BF4B-00C04F79EFBC}") = "genericsExample", "genericsExample.csproj", "{5DAD3A21-28AC-4A42-A7A1-8C5917B27DB4}"
EndProject
Global
	GlobalSection(SolutionConfigurationPlatforms) = preSolution
		Debug|Any CPU = Debug|Any CPU
		Release|Any CPU = Release|Any CPU
	EndGlobalSection
	GlobalSection(ProjectConfigurationPlatforms) = postSolution
		{5DAD3A21-28AC-4A42-A7A1-8C5917B27DB4}.Debug|Any CPU.ActiveCfg = Debug|Any CPU
		{5DAD3A21-28AC-4A42-A7A1-8C5917B27DB4}.Debug|Any CPU.Build.0 = Debug|Any CPU
		{5DAD3A21-28AC-4A42-A7A1-8C5917B27DB4}.Release|Any CPU.ActiveCfg = Release|Any CPU
		{5DAD3A21-28AC-4A42-A7A1-8C5917B27DB4}.Release|Any CPU.Build.0 = Release|Any CPU
	EndGlobalSection
	GlobalSection(SolutionProperties) = preSolution
		HideSolutionNode = FALSE
	EndGlobalSection
	GlobalSection(ExtensibilityGlobals) = postSolution
		SolutionGuid = {FBF965D5-2BAB-4C71-8F2D-312E75E3E666}
	EndGlobalSection
EndGlobal
