
Microsoft Visual Studio Solution File, Format Version 12.00
# Visual Studio 15
VisualStudioVersion = 15.0.28307.539
MinimumVisualStudioVersion = 10.0.40219.1
Project("{FAE04EC0-301F-11D3-BF4B-00C04F79EFBC}") = "methodsExample", "methodsExample.csproj", "{50B11249-9F74-4A15-A0D8-23E615E19BF1}"
EndProject
Global
	GlobalSection(SolutionConfigurationPlatforms) = preSolution
		Debug|Any CPU = Debug|Any CPU
		Release|Any CPU = Release|Any CPU
	EndGlobalSection
	GlobalSection(ProjectConfigurationPlatforms) = postSolution
		{50B11249-9F74-4A15-A0D8-23E615E19BF1}.Debug|Any CPU.ActiveCfg = Debug|Any CPU
		{50B11249-9F74-4A15-A0D8-23E615E19BF1}.Debug|Any CPU.Build.0 = Debug|Any CPU
		{50B11249-9F74-4A15-A0D8-23E615E19BF1}.Release|Any CPU.ActiveCfg = Release|Any CPU
		{50B11249-9F74-4A15-A0D8-23E615E19BF1}.Release|Any CPU.Build.0 = Release|Any CPU
	EndGlobalSection
	GlobalSection(SolutionProperties) = preSolution
		HideSolutionNode = FALSE
	EndGlobalSection
	GlobalSection(ExtensibilityGlobals) = postSolution
		SolutionGuid = {D1DF49A5-5AE8-427D-8143-0F5431EE8F65}
	EndGlobalSection
EndGlobal
