
Microsoft Visual Studio Solution File, Format Version 12.00
# Visual Studio 15
VisualStudioVersion = 15.0.28307.539
MinimumVisualStudioVersion = 10.0.40219.1
Project("{FAE04EC0-301F-11D3-BF4B-00C04F79EFBC}") = "drill162", "drill162.csproj", "{752C2C76-240D-48A1-A123-F59D6CC30BA9}"
EndProject
Global
	GlobalSection(SolutionConfigurationPlatforms) = preSolution
		Debug|Any CPU = Debug|Any CPU
		Release|Any CPU = Release|Any CPU
	EndGlobalSection
	GlobalSection(ProjectConfigurationPlatforms) = postSolution
		{752C2C76-240D-48A1-A123-F59D6CC30BA9}.Debug|Any CPU.ActiveCfg = Debug|Any CPU
		{752C2C76-240D-48A1-A123-F59D6CC30BA9}.Debug|Any CPU.Build.0 = Debug|Any CPU
		{752C2C76-240D-48A1-A123-F59D6CC30BA9}.Release|Any CPU.ActiveCfg = Release|Any CPU
		{752C2C76-240D-48A1-A123-F59D6CC30BA9}.Release|Any CPU.Build.0 = Release|Any CPU
	EndGlobalSection
	GlobalSection(SolutionProperties) = preSolution
		HideSolutionNode = FALSE
	EndGlobalSection
	GlobalSection(ExtensibilityGlobals) = postSolution
		SolutionGuid = {AAC0F9B4-EB85-490F-9F56-7285BBB037D4}
	EndGlobalSection
EndGlobal
