
Microsoft Visual Studio Solution File, Format Version 12.00
# Visual Studio 15
VisualStudioVersion = 15.0.28307.539
MinimumVisualStudioVersion = 10.0.40219.1
Project("{FAE04EC0-301F-11D3-BF4B-00C04F79EFBC}") = "ExceptionHandling", "ExceptionHandling.csproj", "{9A0CC14E-3795-4F54-BB31-C76BC312C56F}"
EndProject
Global
	GlobalSection(SolutionConfigurationPlatforms) = preSolution
		Debug|Any CPU = Debug|Any CPU
		Release|Any CPU = Release|Any CPU
	EndGlobalSection
	GlobalSection(ProjectConfigurationPlatforms) = postSolution
		{9A0CC14E-3795-4F54-BB31-C76BC312C56F}.Debug|Any CPU.ActiveCfg = Debug|Any CPU
		{9A0CC14E-3795-4F54-BB31-C76BC312C56F}.Debug|Any CPU.Build.0 = Debug|Any CPU
		{9A0CC14E-3795-4F54-BB31-C76BC312C56F}.Release|Any CPU.ActiveCfg = Release|Any CPU
		{9A0CC14E-3795-4F54-BB31-C76BC312C56F}.Release|Any CPU.Build.0 = Release|Any CPU
	EndGlobalSection
	GlobalSection(SolutionProperties) = preSolution
		HideSolutionNode = FALSE
	EndGlobalSection
	GlobalSection(ExtensibilityGlobals) = postSolution
		SolutionGuid = {E68BFA23-7CB8-4CC4-B3DA-314CDAD83ED5}
	EndGlobalSection
EndGlobal
